
Microsoft Visual Studio Solution File, Format Version 12.00
# Visual Studio Version 17
VisualStudioVersion = 17.4.33122.133
MinimumVisualStudioVersion = 10.0.40219.1
Project("{9A19103F-16F7-4668-BE54-9A1E7A4F7556}") = "ecommerceApi", "ecommerceApi.csproj", "{9EB170B1-BF36-4367-BFD9-61C66A674656}"
EndProject
Global
	GlobalSection(SolutionConfigurationPlatforms) = preSolution
		Debug|Any CPU = Debug|Any CPU
		Release|Any CPU = Release|Any CPU
	EndGlobalSection
	GlobalSection(ProjectConfigurationPlatforms) = postSolution
		{9EB170B1-BF36-4367-BFD9-61C66A674656}.Debug|Any CPU.ActiveCfg = Debug|Any CPU
		{9EB170B1-BF36-4367-BFD9-61C66A674656}.Debug|Any CPU.Build.0 = Debug|Any CPU
		{9EB170B1-BF36-4367-BFD9-61C66A674656}.Release|Any CPU.ActiveCfg = Release|Any CPU
		{9EB170B1-BF36-4367-BFD9-61C66A674656}.Release|Any CPU.Build.0 = Release|Any CPU
	EndGlobalSection
	GlobalSection(SolutionProperties) = preSolution
		HideSolutionNode = FALSE
	EndGlobalSection
	GlobalSection(ExtensibilityGlobals) = postSolution
		SolutionGuid = {3D27ED56-066D-441D-B165-EC7D14B08340}
	EndGlobalSection
EndGlobal
